
Microsoft Visual Studio Solution File, Format Version 12.00
# Visual Studio Version 16
VisualStudioVersion = 16.0.31702.278
MinimumVisualStudioVersion = 10.0.40219.1
Project("{FAE04EC0-301F-11D3-BF4B-00C04F79EFBC}") = "12Lab", "12Lab\12Lab.csproj", "{B95A865D-E456-43FB-92C7-87D5E4C6757E}"
EndProject
Global
	GlobalSection(SolutionConfigurationPlatforms) = preSolution
		Debug|Any CPU = Debug|Any CPU
		Release|Any CPU = Release|Any CPU
	EndGlobalSection
	GlobalSection(ProjectConfigurationPlatforms) = postSolution
		{B95A865D-E456-43FB-92C7-87D5E4C6757E}.Debug|Any CPU.ActiveCfg = Debug|Any CPU
		{B95A865D-E456-43FB-92C7-87D5E4C6757E}.Debug|Any CPU.Build.0 = Debug|Any CPU
		{B95A865D-E456-43FB-92C7-87D5E4C6757E}.Release|Any CPU.ActiveCfg = Release|Any CPU
		{B95A865D-E456-43FB-92C7-87D5E4C6757E}.Release|Any CPU.Build.0 = Release|Any CPU
	EndGlobalSection
	GlobalSection(SolutionProperties) = preSolution
		HideSolutionNode = FALSE
	EndGlobalSection
	GlobalSection(ExtensibilityGlobals) = postSolution
		SolutionGuid = {8CA659E9-9BFE-4BC5-9D75-A400B52FC56A}
	EndGlobalSection
EndGlobal
